
Microsoft Visual Studio Solution File, Format Version 12.00
# Visual Studio 15
VisualStudioVersion = 15.0.28307.329
MinimumVisualStudioVersion = 10.0.40219.1
Project("{FAE04EC0-301F-11D3-BF4B-00C04F79EFBC}") = "BloomFilter", "BloomFilter\BloomFilter.csproj", "{7C3C8269-DEAA-4BA6-8679-5539296A2E9C}"
EndProject
Project("{FAE04EC0-301F-11D3-BF4B-00C04F79EFBC}") = "BloomFilterTest", "BloomFilterTest\BloomFilterTest.csproj", "{35C150DB-8DFF-4FAD-BD05-13E02F5192CD}"
EndProject
Project("{FAE04EC0-301F-11D3-BF4B-00C04F79EFBC}") = "BloomFilterClient", "BloomFilterClient\BloomFilterClient.csproj", "{A271D952-94CC-4F3A-BFE0-00064D1C1E89}"
EndProject
Global
	GlobalSection(SolutionConfigurationPlatforms) = preSolution
		Debug|Any CPU = Debug|Any CPU
		Release|Any CPU = Release|Any CPU
	EndGlobalSection
	GlobalSection(ProjectConfigurationPlatforms) = postSolution
		{7C3C8269-DEAA-4BA6-8679-5539296A2E9C}.Debug|Any CPU.ActiveCfg = Debug|Any CPU
		{7C3C8269-DEAA-4BA6-8679-5539296A2E9C}.Debug|Any CPU.Build.0 = Debug|Any CPU
		{7C3C8269-DEAA-4BA6-8679-5539296A2E9C}.Release|Any CPU.ActiveCfg = Release|Any CPU
		{7C3C8269-DEAA-4BA6-8679-5539296A2E9C}.Release|Any CPU.Build.0 = Release|Any CPU
		{35C150DB-8DFF-4FAD-BD05-13E02F5192CD}.Debug|Any CPU.ActiveCfg = Debug|Any CPU
		{35C150DB-8DFF-4FAD-BD05-13E02F5192CD}.Debug|Any CPU.Build.0 = Debug|Any CPU
		{35C150DB-8DFF-4FAD-BD05-13E02F5192CD}.Release|Any CPU.ActiveCfg = Release|Any CPU
		{35C150DB-8DFF-4FAD-BD05-13E02F5192CD}.Release|Any CPU.Build.0 = Release|Any CPU
		{A271D952-94CC-4F3A-BFE0-00064D1C1E89}.Debug|Any CPU.ActiveCfg = Debug|Any CPU
		{A271D952-94CC-4F3A-BFE0-00064D1C1E89}.Debug|Any CPU.Build.0 = Debug|Any CPU
		{A271D952-94CC-4F3A-BFE0-00064D1C1E89}.Release|Any CPU.ActiveCfg = Release|Any CPU
		{A271D952-94CC-4F3A-BFE0-00064D1C1E89}.Release|Any CPU.Build.0 = Release|Any CPU
	EndGlobalSection
	GlobalSection(SolutionProperties) = preSolution
		HideSolutionNode = FALSE
	EndGlobalSection
	GlobalSection(ExtensibilityGlobals) = postSolution
		SolutionGuid = {03F9E4CF-B60E-4156-A85F-7F572CAB8485}
	EndGlobalSection
EndGlobal
